<?xml version="1.0" encoding="utf-8"?>
<Project ToolsVersion="4.0" xmlns="http://schemas.microsoft.com/developer/msbuild/2003">
  <ItemGroup>
    <Filter Include="Source Files">
      <UniqueIdentifier>{4FC737F1-C7A5-4376-A066-2A32D752A2FF}</UniqueIdentifier>
      <Extensions>cpp;c;cc;cxx;def;odl;idl;hpj;bat;asm;asmx</Extensions>
    </Filter>
    <Filter Include="Header Files">
      <UniqueIdentifier>{93995380-89BD-4b04-88EB-625FBE52EBFB}</UniqueIdentifier>
      <Extensions>h;hh;hpp;hxx;hm;inl;inc;xsd</Extensions>
    </Filter>
    <Filter Include="Resource Files">
      <UniqueIdentifier>{67DA6AB6-F800-4c08-8B7A-83BB121AAD01}</UniqueIdentifier>
      <Extensions>rc;ico;cur;bmp;dlg;rc2;rct;bin;rgs;gif;jpg;jpeg;jpe;resx;tiff;tif;png;wav;mfcribbon-ms</Extensions>
    </Filter>
    <Filter Include="GL_Includes">
      <UniqueIdentifier>{72cf3f1d-84c4-4275-8041-6f69b95d15c8}</UniqueIdentifier>
    </Filter>
    <Filter Include="Dear Imgui">
      <UniqueIdentifier>{27e0e285-9988-4fa2-b534-a8491f919623}</UniqueIdentifier>
    </Filter>
    <Filter Include="Dear Imgui\include">
      <UniqueIdentifier>{c65f4347-7fe9-4491-86da-253812045b15}</UniqueIdentifier>
    </Filter>
    <Filter Include="Dear Imgui\source">
      <UniqueIdentifier>{89143fb8-b21a-4d35-a420-37c3afed8124}</UniqueIdentifier>
    </Filter>
    <Filter Include="Dear Imgui\Extensions">
      <UniqueIdentifier>{f3e63db9-9e38-4e25-858e-b00a92dc491d}</UniqueIdentifier>
    </Filter>
    <Filter Include="Dear Imgui\Extensions\source">
      <UniqueIdentifier>{18bc4e95-a447-41ee-99a3-d5887defa12d}</UniqueIdentifier>
    </Filter>
    <Filter Include="Dear Imgui\Extensions\include">
      <UniqueIdentifier>{cae86a98-60f2-441a-9b36-4e3a4f7152a7}</UniqueIdentifier>
    </Filter>
  </ItemGroup>
  <ItemGroup>
    <ClInclude Include="include\Application.h">
      <Filter>Header Files</Filter>
    </ClInclude>
    <ClInclude Include="include\Gizmos.h">
      <Filter>Header Files</Filter>
    </ClInclude>
    <ClInclude Include="include\Utilities.h">
      <Filter>Header Files</Filter>
    </ClInclude>
    <ClInclude Include="deps\glad\include\glad\glad.h">
      <Filter>GL_Includes</Filter>
    </ClInclude>
    <ClInclude Include="deps\imgui\include\imstb_truetype.h">
      <Filter>Dear Imgui\include</Filter>
    </ClInclude>
    <ClInclude Include="deps\imgui\include\imconfig.h">
      <Filter>Dear Imgui\include</Filter>
    </ClInclude>
    <ClInclude Include="deps\imgui\include\imgui.h">
      <Filter>Dear Imgui\include</Filter>
    </ClInclude>
    <ClInclude Include="deps\imgui\include\imgui_impl_glfw.h">
      <Filter>Dear Imgui\include</Filter>
    </ClInclude>
    <ClInclude Include="deps\imgui\include\imgui_impl_opengl3.h">
      <Filter>Dear Imgui\include</Filter>
    </ClInclude>
    <ClInclude Include="deps\imgui\include\imgui_internal.h">
      <Filter>Dear Imgui\include</Filter>
    </ClInclude>
    <ClInclude Include="deps\imgui\include\imstb_rectpack.h">
      <Filter>Dear Imgui\include</Filter>
    </ClInclude>
    <ClInclude Include="deps\imgui\include\imstb_textedit.h">
      <Filter>Dear Imgui\include</Filter>
    </ClInclude>
    <ClInclude Include="deps\imgui\include\ImGuizmo.h">
      <Filter>Dear Imgui\Extensions\include</Filter>
    </ClInclude>
  </ItemGroup>
  <ItemGroup>
    <ClCompile Include="src\Application.cpp">
      <Filter>Source Files</Filter>
    </ClCompile>
    <ClCompile Include="src\Gizmos.cpp">
      <Filter>Source Files</Filter>
    </ClCompile>
    <ClCompile Include="src\Utilities.cpp">
      <Filter>Source Files</Filter>
    </ClCompile>
    <ClCompile Include="deps\glad\src\glad.c">
      <Filter>GL_Includes</Filter>
    </ClCompile>
    <ClCompile Include="deps\imgui\imgui.cpp">
      <Filter>Dear Imgui\source</Filter>
    </ClCompile>
    <ClCompile Include="deps\imgui\imgui_draw.cpp">
      <Filter>Dear Imgui\source</Filter>
    </ClCompile>
    <ClCompile Include="deps\imgui\imgui_impl_glfw.cpp">
      <Filter>Dear Imgui\source</Filter>
    </ClCompile>
    <ClCompile Include="deps\imgui\imgui_impl_opengl3.cpp">
      <Filter>Dear Imgui\source</Filter>
    </ClCompile>
    <ClCompile Include="deps\imgui\imgui_widgets.cpp">
      <Filter>Dear Imgui\source</Filter>
    </ClCompile>
    <ClCompile Include="deps\imgui\ImGuizmo.cpp">
      <Filter>Dear Imgui\Extensions\source</Filter>
    </ClCompile>
  </ItemGroup>
</Project>