<?xml version="1.0" encoding="utf-8"?>
<Project ToolsVersion="4.0" xmlns="http://schemas.microsoft.com/developer/msbuild/2003">
  <ItemGroup>
    <Filter Include="Core">
      <UniqueIdentifier>{2EB4837C-1AEB-840D-C3D7-6A10AFED000F}</UniqueIdentifier>
    </Filter>
    <Filter Include="Deps">
      <UniqueIdentifier>{D115847C-BD4C-850D-6639-6B10524F010F}</UniqueIdentifier>
    </Filter>
    <Filter Include="Render">
      <UniqueIdentifier>{C5BB87CE-B15D-B2A4-9A18-C6F8865939F5}</UniqueIdentifier>
    </Filter>
  </ItemGroup>
  <ItemGroup>
    <ClInclude Include="src\Caramel.h" />
    <ClInclude Include="src\Core\Application.h">
      <Filter>Core</Filter>
    </ClInclude>
    <ClInclude Include="src\Core\Utilities.h">
      <Filter>Core</Filter>
    </ClInclude>
    <ClInclude Include="src\Render\Camera.h">
      <Filter>Render</Filter>
    </ClInclude>
    <ClInclude Include="src\Render\Shader.h">
      <Filter>Render</Filter>
    </ClInclude>
    <ClInclude Include="src\Render\Texture.h">
      <Filter>Render</Filter>
    </ClInclude>
    <ClInclude Include="src\Render\Window.h">
      <Filter>Render</Filter>
    </ClInclude>
    <ClInclude Include="src\clpch.h" />
  </ItemGroup>
  <ItemGroup>
    <ClCompile Include="src\Core\Application.cpp">
      <Filter>Core</Filter>
    </ClCompile>
    <ClCompile Include="src\Core\Utilities.cpp">
      <Filter>Core</Filter>
    </ClCompile>
    <ClCompile Include="src\Deps\ImGuiBuild.cpp">
      <Filter>Deps</Filter>
    </ClCompile>
    <ClCompile Include="src\Render\Camera.cpp">
      <Filter>Render</Filter>
    </ClCompile>
    <ClCompile Include="src\Render\Shader.cpp">
      <Filter>Render</Filter>
    </ClCompile>
    <ClCompile Include="src\Render\Texture.cpp">
      <Filter>Render</Filter>
    </ClCompile>
    <ClCompile Include="src\Render\Window.cpp">
      <Filter>Render</Filter>
    </ClCompile>
    <ClCompile Include="src\clpch.cpp" />
  </ItemGroup>
</Project>